// !$*UTF8*$!
{
	archiveVersion = 1;
	classes = {
	};
	objectVersion = 56;
	objects = {

/* Begin PBXBuildFile section */
		ED6BBF6F2CAD327600ABA478 /* PWA in Resources */ = {isa = PBXBuildFile; fileRef = ED6BBF6E2CAD327600ABA478 /* PWA */; };
		ED6C3BEF2CA96159000BF922 /* testwebappApp.swift in Sources */ = {isa = PBXBuildFile; fileRef = ED6C3BEE2CA96159000BF922 /* testwebappApp.swift */; };
		ED6C3BF12CA96159000BF922 /* ContentView.swift in Sources */ = {isa = PBXBuildFile; fileRef = ED6C3BF02CA96159000BF922 /* ContentView.swift */; };
		ED6C3BF32CA9615A000BF922 /* Assets.xcassets in Resources */ = {isa = PBXBuildFile; fileRef = ED6C3BF22CA9615A000BF922 /* Assets.xcassets */; };
		ED6C3BF62CA9615A000BF922 /* Preview Assets.xcassets in Resources */ = {isa = PBXBuildFile; fileRef = ED6C3BF52CA9615A000BF922 /* Preview Assets.xcassets */; };
		ED6C3BFD2CA9619A000BF922 /* WebView.swift in Sources */ = {isa = PBXBuildFile; fileRef = ED6C3BFC2CA9619A000BF922 /* WebView.swift */; };
		ED6C3BFF2CA96271000BF922 /* index.html in Resources */ = {isa = PBXBuildFile; fileRef = ED6C3BFE2CA96271000BF922 /* index.html */; };
		ED6C3C012CA96584000BF922 /* WebViewModel.swift in Sources */ = {isa = PBXBuildFile; fileRef = ED6C3C002CA96584000BF922 /* WebViewModel.swift */; };
		EDB608BC2CA99FAC00AD6105 /* LaunchSMS.swift in Sources */ = {isa = PBXBuildFile; fileRef = EDB608BB2CA99FAC00AD6105 /* LaunchSMS.swift */; };
/* End PBXBuildFile section */

/* Begin PBXFileReference section */
		ED6BBF6E2CAD327600ABA478 /* PWA */ = {isa = PBXFileReference; lastKnownFileType = folder; path = PWA; sourceTree = "<group>"; };
		ED6C3BEB2CA96159000BF922 /* testwebapp.app */ = {isa = PBXFileReference; explicitFileType = wrapper.application; includeInIndex = 0; path = testwebapp.app; sourceTree = BUILT_PRODUCTS_DIR; };
		ED6C3BEE2CA96159000BF922 /* testwebappApp.swift */ = {isa = PBXFileReference; lastKnownFileType = sourcecode.swift; path = testwebappApp.swift; sourceTree = "<group>"; };
		ED6C3BF02CA96159000BF922 /* ContentView.swift */ = {isa = PBXFileReference; lastKnownFileType = sourcecode.swift; path = ContentView.swift; sourceTree = "<group>"; };
		ED6C3BF22CA9615A000BF922 /* Assets.xcassets */ = {isa = PBXFileReference; lastKnownFileType = folder.assetcatalog; path = Assets.xcassets; sourceTree = "<group>"; };
		ED6C3BF52CA9615A000BF922 /* Preview Assets.xcassets */ = {isa = PBXFileReference; lastKnownFileType = folder.assetcatalog; path = "Preview Assets.xcassets"; sourceTree = "<group>"; };
		ED6C3BFC2CA9619A000BF922 /* WebView.swift */ = {isa = PBXFileReference; lastKnownFileType = sourcecode.swift; path = WebView.swift; sourceTree = "<group>"; };
		ED6C3BFE2CA96271000BF922 /* index.html */ = {isa = PBXFileReference; fileEncoding = 4; lastKnownFileType = text.html; path = index.html; sourceTree = "<group>"; };
		ED6C3C002CA96584000BF922 /* WebViewModel.swift */ = {isa = PBXFileReference; lastKnownFileType = sourcecode.swift; path = WebViewModel.swift; sourceTree = "<group>"; };
		EDB608BB2CA99FAC00AD6105 /* LaunchSMS.swift */ = {isa = PBXFileReference; lastKnownFileType = sourcecode.swift; path = LaunchSMS.swift; sourceTree = "<group>"; };
/* End PBXFileReference section */

/* Begin PBXFrameworksBuildPhase section */
		ED6C3BE82CA96159000BF922 /* Frameworks */ = {
			isa = PBXFrameworksBuildPhase;
			buildActionMask = 2147483647;
			files = (
			);
			runOnlyForDeploymentPostprocessing = 0;
		};
/* End PBXFrameworksBuildPhase section */

/* Begin PBXGroup section */
		ED6C3BE22CA96159000BF922 = {
			isa = PBXGroup;
			children = (
				ED6C3BED2CA96159000BF922 /* testwebapp */,
				ED6C3BEC2CA96159000BF922 /* Products */,
			);
			sourceTree = "<group>";
		};
		ED6C3BEC2CA96159000BF922 /* Products */ = {
			isa = PBXGroup;
			children = (
				ED6C3BEB2CA96159000BF922 /* testwebapp.app */,
			);
			name = Products;
			sourceTree = "<group>";
		};
		ED6C3BED2CA96159000BF922 /* testwebapp */ = {
			isa = PBXGroup;
			children = (
				ED6BBF6E2CAD327600ABA478 /* PWA */,
				ED6C3BFE2CA96271000BF922 /* index.html */,
				ED6C3BEE2CA96159000BF922 /* testwebappApp.swift */,
				ED6C3BF02CA96159000BF922 /* ContentView.swift */,
				ED6C3BF22CA9615A000BF922 /* Assets.xcassets */,
				ED6C3BF42CA9615A000BF922 /* Preview Content */,
				ED6C3BFC2CA9619A000BF922 /* WebView.swift */,
				ED6C3C002CA96584000BF922 /* WebViewModel.swift */,
				EDB608BB2CA99FAC00AD6105 /* LaunchSMS.swift */,
			);
			path = testwebapp;
			sourceTree = "<group>";
		};
		ED6C3BF42CA9615A000BF922 /* Preview Content */ = {
			isa = PBXGroup;
			children = (
				ED6C3BF52CA9615A000BF922 /* Preview Assets.xcassets */,
			);
			path = "Preview Content";
			sourceTree = "<group>";
		};
/* End PBXGroup section */

/* Begin PBXNativeTarget section */
		ED6C3BEA2CA96159000BF922 /* testwebapp */ = {
			isa = PBXNativeTarget;
			buildConfigurationList = ED6C3BF92CA9615A000BF922 /* Build configuration list for PBXNativeTarget "testwebapp" */;
			buildPhases = (
				ED6C3BE72CA96159000BF922 /* Sources */,
				ED6C3BE82CA96159000BF922 /* Frameworks */,
				ED6C3BE92CA96159000BF922 /* Resources */,
			);
			buildRules = (
			);
			dependencies = (
			);
			name = testwebapp;
			productName = testwebapp;
			productReference = ED6C3BEB2CA96159000BF922 /* testwebapp.app */;
			productType = "com.apple.product-type.application";
		};
/* End PBXNativeTarget section */

/* Begin PBXProject section */
		ED6C3BE32CA96159000BF922 /* Project object */ = {
			isa = PBXProject;
			attributes = {
				BuildIndependentTargetsInParallel = 1;
				LastSwiftUpdateCheck = 1510;
				LastUpgradeCheck = 1510;
				TargetAttributes = {
					ED6C3BEA2CA96159000BF922 = {
						CreatedOnToolsVersion = 15.1;
					};
				};
			};
			buildConfigurationList = ED6C3BE62CA96159000BF922 /* Build configuration list for PBXProject "testwebapp" */;
			compatibilityVersion = "Xcode 14.0";
			developmentRegion = en;
			hasScannedForEncodings = 0;
			knownRegions = (
				en,
				Base,
			);
			mainGroup = ED6C3BE22CA96159000BF922;
			productRefGroup = ED6C3BEC2CA96159000BF922 /* Products */;
			projectDirPath = "";
			projectRoot = "";
			targets = (
				ED6C3BEA2CA96159000BF922 /* testwebapp */,
			);
		};
/* End PBXProject section */

/* Begin PBXResourcesBuildPhase section */
		ED6C3BE92CA96159000BF922 /* Resources */ = {
			isa = PBXResourcesBuildPhase;
			buildActionMask = 2147483647;
			files = (
				ED6C3BFF2CA96271000BF922 /* index.html in Resources */,
				ED6C3BF62CA9615A000BF922 /* Preview Assets.xcassets in Resources */,
				ED6C3BF32CA9615A000BF922 /* Assets.xcassets in Resources */,
				ED6BBF6F2CAD327600ABA478 /* PWA in Resources */,
			);
			runOnlyForDeploymentPostprocessing = 0;
		};
/* End PBXResourcesBuildPhase section */

/* Begin PBXSourcesBuildPhase section */
		ED6C3BE72CA96159000BF922 /* Sources */ = {
			isa = PBXSourcesBuildPhase;
			buildActionMask = 2147483647;
			files = (
				ED6C3BFD2CA9619A000BF922 /* WebView.swift in Sources */,
				EDB608BC2CA99FAC00AD6105 /* LaunchSMS.swift in Sources */,
				ED6C3BF12CA96159000BF922 /* ContentView.swift in Sources */,
				ED6C3BEF2CA96159000BF922 /* testwebappApp.swift in Sources */,
				ED6C3C012CA96584000BF922 /* WebViewModel.swift in Sources */,
			);
			runOnlyForDeploymentPostprocessing = 0;
		};
/* End PBXSourcesBuildPhase section */

/* Begin XCBuildConfiguration section */
		ED6C3BF72CA9615A000BF922 /* Debug */ = {
			isa = XCBuildConfiguration;
			buildSettings = {
				ALWAYS_SEARCH_USER_PATHS = NO;
				ASSETCATALOG_COMPILER_GENERATE_SWIFT_ASSET_SYMBOL_EXTENSIONS = YES;
				CLANG_ANALYZER_NONNULL = YES;
				CLANG_ANALYZER_NUMBER_OBJECT_CONVERSION = YES_AGGRESSIVE;
				CLANG_CXX_LANGUAGE_STANDARD = "gnu++20";
				CLANG_ENABLE_MODULES = YES;
				CLANG_ENABLE_OBJC_ARC = YES;
				CLANG_ENABLE_OBJC_WEAK = YES;
				CLANG_WARN_BLOCK_CAPTURE_AUTORELEASING = YES;
				CLANG_WARN_BOOL_CONVERSION = YES;
				CLANG_WARN_COMMA = YES;
				CLANG_WARN_CONSTANT_CONVERSION = YES;
				CLANG_WARN_DEPRECATED_OBJC_IMPLEMENTATIONS = YES;
				CLANG_WARN_DIRECT_OBJC_ISA_USAGE = YES_ERROR;
				CLANG_WARN_DOCUMENTATION_COMMENTS = YES;
				CLANG_WARN_EMPTY_BODY = YES;
				CLANG_WARN_ENUM_CONVERSION = YES;
				CLANG_WARN_INFINITE_RECURSION = YES;
				CLANG_WARN_INT_CONVERSION = YES;
				CLANG_WARN_NON_LITERAL_NULL_CONVERSION = YES;
				CLANG_WARN_OBJC_IMPLICIT_RETAIN_SELF = YES;
				CLANG_WARN_OBJC_LITERAL_CONVERSION = YES;
				CLANG_WARN_OBJC_ROOT_CLASS = YES_ERROR;
				CLANG_WARN_QUOTED_INCLUDE_IN_FRAMEWORK_HEADER = YES;
				CLANG_WARN_RANGE_LOOP_ANALYSIS = YES;
				CLANG_WARN_STRICT_PROTOTYPES = YES;
				CLANG_WARN_SUSPICIOUS_MOVE = YES;
				CLANG_WARN_UNGUARDED_AVAILABILITY = YES_AGGRESSIVE;
				CLANG_WARN_UNREACHABLE_CODE = YES;
				CLANG_WARN__DUPLICATE_METHOD_MATCH = YES;
				COPY_PHASE_STRIP = NO;
				DEBUG_INFORMATION_FORMAT = dwarf;
				ENABLE_STRICT_OBJC_MSGSEND = YES;
				ENABLE_TESTABILITY = YES;
				ENABLE_USER_SCRIPT_SANDBOXING = YES;
				GCC_C_LANGUAGE_STANDARD = gnu17;
				GCC_DYNAMIC_NO_PIC = NO;
				GCC_NO_COMMON_BLOCKS = YES;
				GCC_OPTIMIZATION_LEVEL = 0;
				GCC_PREPROCESSOR_DEFINITIONS = (
					"DEBUG=1",
					"$(inherited)",
				);
				GCC_WARN_64_TO_32_BIT_CONVERSION = YES;
				GCC_WARN_ABOUT_RETURN_TYPE = YES_ERROR;
				GCC_WARN_UNDECLARED_SELECTOR = YES;
				GCC_WARN_UNINITIALIZED_AUTOS = YES_AGGRESSIVE;
				GCC_WARN_UNUSED_FUNCTION = YES;
				GCC_WARN_UNUSED_VARIABLE = YES;
				IPHONEOS_DEPLOYMENT_TARGET = 17.2;
				LOCALIZATION_PREFERS_STRING_CATALOGS = YES;
				MTL_ENABLE_DEBUG_INFO = INCLUDE_SOURCE;
				MTL_FAST_MATH = YES;
				ONLY_ACTIVE_ARCH = YES;
				SDKROOT = iphoneos;
				SWIFT_ACTIVE_COMPILATION_CONDITIONS = "DEBUG $(inherited)";
				SWIFT_OPTIMIZATION_LEVEL = "-Onone";
			};
			name = Debug;
		};
		ED6C3BF82CA9615A000BF922 /* Release */ = {
			isa = XCBuildConfiguration;
			buildSettings = {
				ALWAYS_SEARCH_USER_PATHS = NO;
				ASSETCATALOG_COMPILER_GENERATE_SWIFT_ASSET_SYMBOL_EXTENSIONS = YES;
				CLANG_ANALYZER_NONNULL = YES;
				CLANG_ANALYZER_NUMBER_OBJECT_CONVERSION = YES_AGGRESSIVE;
				CLANG_CXX_LANGUAGE_STANDARD = "gnu++20";
				CLANG_ENABLE_MODULES = YES;
				CLANG_ENABLE_OBJC_ARC = YES;
				CLANG_ENABLE_OBJC_WEAK = YES;
				CLANG_WARN_BLOCK_CAPTURE_AUTORELEASING = YES;
				CLANG_WARN_BOOL_CONVERSION = YES;
				CLANG_WARN_COMMA = YES;
				CLANG_WARN_CONSTANT_CONVERSION = YES;
				CLANG_WARN_DEPRECATED_OBJC_IMPLEMENTATIONS = YES;
				CLANG_WARN_DIRECT_OBJC_ISA_USAGE = YES_ERROR;
				CLANG_WARN_DOCUMENTATION_COMMENTS = YES;
				CLANG_WARN_EMPTY_BODY = YES;
				CLANG_WARN_ENUM_CONVERSION = YES;
				CLANG_WARN_INFINITE_RECURSION = YES;
				CLANG_WARN_INT_CONVERSION = YES;
				CLANG_WARN_NON_LITERAL_NULL_CONVERSION = YES;
				CLANG_WARN_OBJC_IMPLICIT_RETAIN_SELF = YES;
				CLANG_WARN_OBJC_LITERAL_CONVERSION = YES;
				CLANG_WARN_OBJC_ROOT_CLASS = YES_ERROR;
				CLANG_WARN_QUOTED_INCLUDE_IN_FRAMEWORK_HEADER = YES;
				CLANG_WARN_RANGE_LOOP_ANALYSIS = YES;
				CLANG_WARN_STRICT_PROTOTYPES = YES;
				CLANG_WARN_SUSPICIOUS_MOVE = YES;
				CLANG_WARN_UNGUARDED_AVAILABILITY = YES_AGGRESSIVE;
				CLANG_WARN_UNREACHABLE_CODE = YES;
				CLANG_WARN__DUPLICATE_METHOD_MATCH = YES;
				COPY_PHASE_STRIP = NO;
				DEBUG_INFORMATION_FORMAT = "dwarf-with-dsym";
				ENABLE_NS_ASSERTIONS = NO;
				ENABLE_STRICT_OBJC_MSGSEND = YES;
				ENABLE_USER_SCRIPT_SANDBOXING = YES;
				GCC_C_LANGUAGE_STANDARD = gnu17;
				GCC_NO_COMMON_BLOCKS = YES;
				GCC_WARN_64_TO_32_BIT_CONVERSION = YES;
				GCC_WARN_ABOUT_RETURN_TYPE = YES_ERROR;
				GCC_WARN_UNDECLARED_SELECTOR = YES;
				GCC_WARN_UNINITIALIZED_AUTOS = YES_AGGRESSIVE;
				GCC_WARN_UNUSED_FUNCTION = YES;
				GCC_WARN_UNUSED_VARIABLE = YES;
				IPHONEOS_DEPLOYMENT_TARGET = 17.2;
				LOCALIZATION_PREFERS_STRING_CATALOGS = YES;
				MTL_ENABLE_DEBUG_INFO = NO;
				MTL_FAST_MATH = YES;
				SDKROOT = iphoneos;
				SWIFT_COMPILATION_MODE = wholemodule;
				VALIDATE_PRODUCT = YES;
			};
			name = Release;
		};
		ED6C3BFA2CA9615A000BF922 /* Debug */ = {
			isa = XCBuildConfiguration;
			buildSettings = {
				ASSETCATALOG_COMPILER_APPICON_NAME = AppIcon;
				ASSETCATALOG_COMPILER_GLOBAL_ACCENT_COLOR_NAME = AccentColor;
				CODE_SIGN_STYLE = Automatic;
				CURRENT_PROJECT_VERSION = 1;
				DEVELOPMENT_ASSET_PATHS = "\"testwebapp/Preview Content\"";
				DEVELOPMENT_TEAM = DLETJ3FQ2R;
				ENABLE_PREVIEWS = YES;
				GENERATE_INFOPLIST_FILE = YES;
				INFOPLIST_KEY_UIApplicationSceneManifest_Generation = YES;
				INFOPLIST_KEY_UIApplicationSupportsIndirectInputEvents = YES;
				INFOPLIST_KEY_UILaunchScreen_Generation = YES;
				INFOPLIST_KEY_UISupportedInterfaceOrientations_iPad = "UIInterfaceOrientationPortrait UIInterfaceOrientationPortraitUpsideDown UIInterfaceOrientationLandscapeLeft UIInterfaceOrientationLandscapeRight";
				INFOPLIST_KEY_UISupportedInterfaceOrientations_iPhone = "UIInterfaceOrientationPortrait UIInterfaceOrientationLandscapeLeft UIInterfaceOrientationLandscapeRight";
				LD_RUNPATH_SEARCH_PATHS = (
					"$(inherited)",
					"@executable_path/Frameworks",
				);
				MARKETING_VERSION = 1.0;
				PRODUCT_BUNDLE_IDENTIFIER = com.smartmedia.testwebapp.testwebapp;
				PRODUCT_NAME = "$(TARGET_NAME)";
				SWIFT_EMIT_LOC_STRINGS = YES;
				SWIFT_VERSION = 5.0;
				TARGETED_DEVICE_FAMILY = "1,2";
			};
			name = Debug;
		};
		ED6C3BFB2CA9615A000BF922 /* Release */ = {
			isa = XCBuildConfiguration;
			buildSettings = {
				ASSETCATALOG_COMPILER_APPICON_NAME = AppIcon;
				ASSETCATALOG_COMPILER_GLOBAL_ACCENT_COLOR_NAME = AccentColor;
				CODE_SIGN_STYLE = Automatic;
				CURRENT_PROJECT_VERSION = 1;
				DEVELOPMENT_ASSET_PATHS = "\"testwebapp/Preview Content\"";
				DEVELOPMENT_TEAM = DLETJ3FQ2R;
				ENABLE_PREVIEWS = YES;
				GENERATE_INFOPLIST_FILE = YES;
				INFOPLIST_KEY_UIApplicationSceneManifest_Generation = YES;
				INFOPLIST_KEY_UIApplicationSupportsIndirectInputEvents = YES;
				INFOPLIST_KEY_UILaunchScreen_Generation = YES;
				INFOPLIST_KEY_UISupportedInterfaceOrientations_iPad = "UIInterfaceOrientationPortrait UIInterfaceOrientationPortraitUpsideDown UIInterfaceOrientationLandscapeLeft UIInterfaceOrientationLandscapeRight";
				INFOPLIST_KEY_UISupportedInterfaceOrientations_iPhone = "UIInterfaceOrientationPortrait UIInterfaceOrientationLandscapeLeft UIInterfaceOrientationLandscapeRight";
				LD_RUNPATH_SEARCH_PATHS = (
					"$(inherited)",
					"@executable_path/Frameworks",
				);
				MARKETING_VERSION = 1.0;
				PRODUCT_BUNDLE_IDENTIFIER = com.smartmedia.testwebapp.testwebapp;
				PRODUCT_NAME = "$(TARGET_NAME)";
				SWIFT_EMIT_LOC_STRINGS = YES;
				SWIFT_VERSION = 5.0;
				TARGETED_DEVICE_FAMILY = "1,2";
			};
			name = Release;
		};
/* End XCBuildConfiguration section */

/* Begin XCConfigurationList section */
		ED6C3BE62CA96159000BF922 /* Build configuration list for PBXProject "testwebapp" */ = {
			isa = XCConfigurationList;
			buildConfigurations = (
				ED6C3BF72CA9615A000BF922 /* Debug */,
				ED6C3BF82CA9615A000BF922 /* Release */,
			);
			defaultConfigurationIsVisible = 0;
			defaultConfigurationName = Release;
		};
		ED6C3BF92CA9615A000BF922 /* Build configuration list for PBXNativeTarget "testwebapp" */ = {
			isa = XCConfigurationList;
			buildConfigurations = (
				ED6C3BFA2CA9615A000BF922 /* Debug */,
				ED6C3BFB2CA9615A000BF922 /* Release */,
			);
			defaultConfigurationIsVisible = 0;
			defaultConfigurationName = Release;
		};
/* End XCConfigurationList section */
	};
	rootObject = ED6C3BE32CA96159000BF922 /* Project object */;
}
